// !$*UTF8*$!
{
	archiveVersion = 1;
	classes = {
	};
	objectVersion = 46;
	objects = {

/* Begin PBXBuildFile section */
		4709079A1ED4E88B00A2A183 /* AppDelegate.swift in Sources */ = {isa = PBXBuildFile; fileRef = 470907991ED4E88B00A2A183 /* AppDelegate.swift */; };
		4709079C1ED4E88B00A2A183 /* ViewController.swift in Sources */ = {isa = PBXBuildFile; fileRef = 4709079B1ED4E88B00A2A183 /* ViewController.swift */; };
		4709079F1ED4E88B00A2A183 /* Main.storyboard in Resources */ = {isa = PBXBuildFile; fileRef = 4709079D1ED4E88B00A2A183 /* Main.storyboard */; };
		470907A11ED4E88B00A2A183 /* Assets.xcassets in Resources */ = {isa = PBXBuildFile; fileRef = 470907A01ED4E88B00A2A183 /* Assets.xcassets */; };
		470907A41ED4E88B00A2A183 /* LaunchScreen.storyboard in Resources */ = {isa = PBXBuildFile; fileRef = 470907A21ED4E88B00A2A183 /* LaunchScreen.storyboard */; };
		470907C71ED4E8A100A2A183 /* SBAdultFilter.swift in Sources */ = {isa = PBXBuildFile; fileRef = 470907AE1ED4E8A100A2A183 /* SBAdultFilter.swift */; };
		470907C81ED4E8A100A2A183 /* SBApplication.swift in Sources */ = {isa = PBXBuildFile; fileRef = 470907AF1ED4E8A100A2A183 /* SBApplication.swift */; };
		470907C91ED4E8A100A2A183 /* SBApplicationDetails.swift in Sources */ = {isa = PBXBuildFile; fileRef = 470907B01ED4E8A100A2A183 /* SBApplicationDetails.swift */; };
		470907CA1ED4E8A100A2A183 /* SBApplicationsDetails.swift in Sources */ = {isa = PBXBuildFile; fileRef = 470907B11ED4E8A100A2A183 /* SBApplicationsDetails.swift */; };
		470907CB1ED4E8A100A2A183 /* SBGetImages.swift in Sources */ = {isa = PBXBuildFile; fileRef = 470907B21ED4E8A100A2A183 /* SBGetImages.swift */; };
		470907CC1ED4E8A100A2A183 /* SBImageTags.swift in Sources */ = {isa = PBXBuildFile; fileRef = 470907B31ED4E8A100A2A183 /* SBImageTags.swift */; };
		470907CD1ED4E8A100A2A183 /* SBModel.swift in Sources */ = {isa = PBXBuildFile; fileRef = 470907B41ED4E8A100A2A183 /* SBModel.swift */; };
		470907CE1ED4E8A100A2A183 /* SBTags.swift in Sources */ = {isa = PBXBuildFile; fileRef = 470907B51ED4E8A100A2A183 /* SBTags.swift */; };
		470907CF1ED4E8A100A2A183 /* SBAdultFilteringRequest.swift in Sources */ = {isa = PBXBuildFile; fileRef = 470907B71ED4E8A100A2A183 /* SBAdultFilteringRequest.swift */; };
		470907D01ED4E8A100A2A183 /* SBApplicationRequest.swift in Sources */ = {isa = PBXBuildFile; fileRef = 470907B81ED4E8A100A2A183 /* SBApplicationRequest.swift */; };
		470907D11ED4E8A100A2A183 /* SBCheckImageIndexedRequest.swift in Sources */ = {isa = PBXBuildFile; fileRef = 470907B91ED4E8A100A2A183 /* SBCheckImageIndexedRequest.swift */; };
		470907D21ED4E8A100A2A183 /* SBDeleteApplicationRequest.swift in Sources */ = {isa = PBXBuildFile; fileRef = 470907BA1ED4E8A100A2A183 /* SBDeleteApplicationRequest.swift */; };
		470907D31ED4E8A100A2A183 /* SBDeleteImageRequest.swift in Sources */ = {isa = PBXBuildFile; fileRef = 470907BB1ED4E8A100A2A183 /* SBDeleteImageRequest.swift */; };
		470907D41ED4E8A100A2A183 /* SBGetApplicationRequest.swift in Sources */ = {isa = PBXBuildFile; fileRef = 470907BC1ED4E8A100A2A183 /* SBGetApplicationRequest.swift */; };
		470907D51ED4E8A100A2A183 /* SBGetApplicationsRequest.swift in Sources */ = {isa = PBXBuildFile; fileRef = 470907BD1ED4E8A100A2A183 /* SBGetApplicationsRequest.swift */; };
		470907D61ED4E8A100A2A183 /* SBGetImagesRequest.swift in Sources */ = {isa = PBXBuildFile; fileRef = 470907BE1ED4E8A100A2A183 /* SBGetImagesRequest.swift */; };
		470907D71ED4E8A100A2A183 /* SBGetImageTagsRequest.swift in Sources */ = {isa = PBXBuildFile; fileRef = 470907BF1ED4E8A100A2A183 /* SBGetImageTagsRequest.swift */; };
		470907D81ED4E8A100A2A183 /* SBIndexNewImageRequest.swift in Sources */ = {isa = PBXBuildFile; fileRef = 470907C01ED4E8A100A2A183 /* SBIndexNewImageRequest.swift */; };
		470907D91ED4E8A100A2A183 /* SBRequestable.swift in Sources */ = {isa = PBXBuildFile; fileRef = 470907C11ED4E8A100A2A183 /* SBRequestable.swift */; };
		470907DA1ED4E8A100A2A183 /* SBUpdateApplicationRequest.swift in Sources */ = {isa = PBXBuildFile; fileRef = 470907C21ED4E8A100A2A183 /* SBUpdateApplicationRequest.swift */; };
		470907DB1ED4E8A100A2A183 /* SBVisualSearchRequest.swift in Sources */ = {isa = PBXBuildFile; fileRef = 470907C31ED4E8A100A2A183 /* SBVisualSearchRequest.swift */; };
		470907DC1ED4E8A100A2A183 /* SnapBuyService.swift in Sources */ = {isa = PBXBuildFile; fileRef = 470907C51ED4E8A100A2A183 /* SnapBuyService.swift */; };
/* End PBXBuildFile section */

/* Begin PBXFileReference section */
		470907961ED4E88B00A2A183 /* SnapBuy-iOS-SDK.app */ = {isa = PBXFileReference; explicitFileType = wrapper.application; includeInIndex = 0; path = "SnapBuy-iOS-SDK.app"; sourceTree = BUILT_PRODUCTS_DIR; };
		470907991ED4E88B00A2A183 /* AppDelegate.swift */ = {isa = PBXFileReference; lastKnownFileType = sourcecode.swift; path = AppDelegate.swift; sourceTree = "<group>"; };
		4709079B1ED4E88B00A2A183 /* ViewController.swift */ = {isa = PBXFileReference; lastKnownFileType = sourcecode.swift; path = ViewController.swift; sourceTree = "<group>"; };
		4709079E1ED4E88B00A2A183 /* Base */ = {isa = PBXFileReference; lastKnownFileType = file.storyboard; name = Base; path = Base.lproj/Main.storyboard; sourceTree = "<group>"; };
		470907A01ED4E88B00A2A183 /* Assets.xcassets */ = {isa = PBXFileReference; lastKnownFileType = folder.assetcatalog; path = Assets.xcassets; sourceTree = "<group>"; };
		470907A31ED4E88B00A2A183 /* Base */ = {isa = PBXFileReference; lastKnownFileType = file.storyboard; name = Base; path = Base.lproj/LaunchScreen.storyboard; sourceTree = "<group>"; };
		470907A51ED4E88B00A2A183 /* Info.plist */ = {isa = PBXFileReference; lastKnownFileType = text.plist.xml; path = Info.plist; sourceTree = "<group>"; };
		470907AE1ED4E8A100A2A183 /* SBAdultFilter.swift */ = {isa = PBXFileReference; fileEncoding = 4; lastKnownFileType = sourcecode.swift; path = SBAdultFilter.swift; sourceTree = "<group>"; };
		470907AF1ED4E8A100A2A183 /* SBApplication.swift */ = {isa = PBXFileReference; fileEncoding = 4; lastKnownFileType = sourcecode.swift; path = SBApplication.swift; sourceTree = "<group>"; };
		470907B01ED4E8A100A2A183 /* SBApplicationDetails.swift */ = {isa = PBXFileReference; fileEncoding = 4; lastKnownFileType = sourcecode.swift; path = SBApplicationDetails.swift; sourceTree = "<group>"; };
		470907B11ED4E8A100A2A183 /* SBApplicationsDetails.swift */ = {isa = PBXFileReference; fileEncoding = 4; lastKnownFileType = sourcecode.swift; path = SBApplicationsDetails.swift; sourceTree = "<group>"; };
		470907B21ED4E8A100A2A183 /* SBGetImages.swift */ = {isa = PBXFileReference; fileEncoding = 4; lastKnownFileType = sourcecode.swift; path = SBGetImages.swift; sourceTree = "<group>"; };
		470907B31ED4E8A100A2A183 /* SBImageTags.swift */ = {isa = PBXFileReference; fileEncoding = 4; lastKnownFileType = sourcecode.swift; path = SBImageTags.swift; sourceTree = "<group>"; };
		470907B41ED4E8A100A2A183 /* SBModel.swift */ = {isa = PBXFileReference; fileEncoding = 4; lastKnownFileType = sourcecode.swift; path = SBModel.swift; sourceTree = "<group>"; };
		470907B51ED4E8A100A2A183 /* SBTags.swift */ = {isa = PBXFileReference; fileEncoding = 4; lastKnownFileType = sourcecode.swift; path = SBTags.swift; sourceTree = "<group>"; };
		470907B71ED4E8A100A2A183 /* SBAdultFilteringRequest.swift */ = {isa = PBXFileReference; fileEncoding = 4; lastKnownFileType = sourcecode.swift; path = SBAdultFilteringRequest.swift; sourceTree = "<group>"; };
		470907B81ED4E8A100A2A183 /* SBApplicationRequest.swift */ = {isa = PBXFileReference; fileEncoding = 4; lastKnownFileType = sourcecode.swift; path = SBApplicationRequest.swift; sourceTree = "<group>"; };
		470907B91ED4E8A100A2A183 /* SBCheckImageIndexedRequest.swift */ = {isa = PBXFileReference; fileEncoding = 4; lastKnownFileType = sourcecode.swift; path = SBCheckImageIndexedRequest.swift; sourceTree = "<group>"; };
		470907BA1ED4E8A100A2A183 /* SBDeleteApplicationRequest.swift */ = {isa = PBXFileReference; fileEncoding = 4; lastKnownFileType = sourcecode.swift; path = SBDeleteApplicationRequest.swift; sourceTree = "<group>"; };
		470907BB1ED4E8A100A2A183 /* SBDeleteImageRequest.swift */ = {isa = PBXFileReference; fileEncoding = 4; lastKnownFileType = sourcecode.swift; path = SBDeleteImageRequest.swift; sourceTree = "<group>"; };
		470907BC1ED4E8A100A2A183 /* SBGetApplicationRequest.swift */ = {isa = PBXFileReference; fileEncoding = 4; lastKnownFileType = sourcecode.swift; path = SBGetApplicationRequest.swift; sourceTree = "<group>"; };
		470907BD1ED4E8A100A2A183 /* SBGetApplicationsRequest.swift */ = {isa = PBXFileReference; fileEncoding = 4; lastKnownFileType = sourcecode.swift; path = SBGetApplicationsRequest.swift; sourceTree = "<group>"; };
		470907BE1ED4E8A100A2A183 /* SBGetImagesRequest.swift */ = {isa = PBXFileReference; fileEncoding = 4; lastKnownFileType = sourcecode.swift; path = SBGetImagesRequest.swift; sourceTree = "<group>"; };
		470907BF1ED4E8A100A2A183 /* SBGetImageTagsRequest.swift */ = {isa = PBXFileReference; fileEncoding = 4; lastKnownFileType = sourcecode.swift; path = SBGetImageTagsRequest.swift; sourceTree = "<group>"; };
		470907C01ED4E8A100A2A183 /* SBIndexNewImageRequest.swift */ = {isa = PBXFileReference; fileEncoding = 4; lastKnownFileType = sourcecode.swift; path = SBIndexNewImageRequest.swift; sourceTree = "<group>"; };
		470907C11ED4E8A100A2A183 /* SBRequestable.swift */ = {isa = PBXFileReference; fileEncoding = 4; lastKnownFileType = sourcecode.swift; path = SBRequestable.swift; sourceTree = "<group>"; };
		470907C21ED4E8A100A2A183 /* SBUpdateApplicationRequest.swift */ = {isa = PBXFileReference; fileEncoding = 4; lastKnownFileType = sourcecode.swift; path = SBUpdateApplicationRequest.swift; sourceTree = "<group>"; };
		470907C31ED4E8A100A2A183 /* SBVisualSearchRequest.swift */ = {isa = PBXFileReference; fileEncoding = 4; lastKnownFileType = sourcecode.swift; path = SBVisualSearchRequest.swift; sourceTree = "<group>"; };
		470907C51ED4E8A100A2A183 /* SnapBuyService.swift */ = {isa = PBXFileReference; fileEncoding = 4; lastKnownFileType = sourcecode.swift; path = SnapBuyService.swift; sourceTree = "<group>"; };
/* End PBXFileReference section */

/* Begin PBXFrameworksBuildPhase section */
		470907931ED4E88B00A2A183 /* Frameworks */ = {
			isa = PBXFrameworksBuildPhase;
			buildActionMask = 2147483647;
			files = (
			);
			runOnlyForDeploymentPostprocessing = 0;
		};
/* End PBXFrameworksBuildPhase section */

/* Begin PBXGroup section */
		4709078D1ED4E88B00A2A183 = {
			isa = PBXGroup;
			children = (
				470907981ED4E88B00A2A183 /* SnapBuy-iOS-SDK */,
				470907971ED4E88B00A2A183 /* Products */,
			);
			sourceTree = "<group>";
		};
		470907971ED4E88B00A2A183 /* Products */ = {
			isa = PBXGroup;
			children = (
				470907961ED4E88B00A2A183 /* SnapBuy-iOS-SDK.app */,
			);
			name = Products;
			sourceTree = "<group>";
		};
		470907981ED4E88B00A2A183 /* SnapBuy-iOS-SDK */ = {
			isa = PBXGroup;
			children = (
				470907AB1ED4E8A100A2A183 /* SnapBuy */,
				470907991ED4E88B00A2A183 /* AppDelegate.swift */,
				4709079B1ED4E88B00A2A183 /* ViewController.swift */,
				4709079D1ED4E88B00A2A183 /* Main.storyboard */,
				470907A01ED4E88B00A2A183 /* Assets.xcassets */,
				470907A21ED4E88B00A2A183 /* LaunchScreen.storyboard */,
				470907A51ED4E88B00A2A183 /* Info.plist */,
			);
			path = "SnapBuy-iOS-SDK";
			sourceTree = "<group>";
		};
		470907AB1ED4E8A100A2A183 /* SnapBuy */ = {
			isa = PBXGroup;
			children = (
				470907AD1ED4E8A100A2A183 /* SBModel */,
				470907B61ED4E8A100A2A183 /* SBRequest */,
				470907C41ED4E8A100A2A183 /* SBService */,
			);
			path = SnapBuy;
			sourceTree = "<group>";
		};
		470907AD1ED4E8A100A2A183 /* SBModel */ = {
			isa = PBXGroup;
			children = (
				470907AE1ED4E8A100A2A183 /* SBAdultFilter.swift */,
				470907AF1ED4E8A100A2A183 /* SBApplication.swift */,
				470907B01ED4E8A100A2A183 /* SBApplicationDetails.swift */,
				470907B11ED4E8A100A2A183 /* SBApplicationsDetails.swift */,
				470907B21ED4E8A100A2A183 /* SBGetImages.swift */,
				470907B31ED4E8A100A2A183 /* SBImageTags.swift */,
				470907B41ED4E8A100A2A183 /* SBModel.swift */,
				470907B51ED4E8A100A2A183 /* SBTags.swift */,
			);
			path = SBModel;
			sourceTree = "<group>";
		};
		470907B61ED4E8A100A2A183 /* SBRequest */ = {
			isa = PBXGroup;
			children = (
				470907B71ED4E8A100A2A183 /* SBAdultFilteringRequest.swift */,
				470907B81ED4E8A100A2A183 /* SBApplicationRequest.swift */,
				470907B91ED4E8A100A2A183 /* SBCheckImageIndexedRequest.swift */,
				470907BA1ED4E8A100A2A183 /* SBDeleteApplicationRequest.swift */,
				470907BB1ED4E8A100A2A183 /* SBDeleteImageRequest.swift */,
				470907BC1ED4E8A100A2A183 /* SBGetApplicationRequest.swift */,
				470907BD1ED4E8A100A2A183 /* SBGetApplicationsRequest.swift */,
				470907BE1ED4E8A100A2A183 /* SBGetImagesRequest.swift */,
				470907BF1ED4E8A100A2A183 /* SBGetImageTagsRequest.swift */,
				470907C01ED4E8A100A2A183 /* SBIndexNewImageRequest.swift */,
				470907C11ED4E8A100A2A183 /* SBRequestable.swift */,
				470907C21ED4E8A100A2A183 /* SBUpdateApplicationRequest.swift */,
				470907C31ED4E8A100A2A183 /* SBVisualSearchRequest.swift */,
			);
			path = SBRequest;
			sourceTree = "<group>";
		};
		470907C41ED4E8A100A2A183 /* SBService */ = {
			isa = PBXGroup;
			children = (
				470907C51ED4E8A100A2A183 /* SnapBuyService.swift */,
			);
			path = SBService;
			sourceTree = "<group>";
		};
/* End PBXGroup section */

/* Begin PBXNativeTarget section */
		470907951ED4E88B00A2A183 /* SnapBuy-iOS-SDK */ = {
			isa = PBXNativeTarget;
			buildConfigurationList = 470907A81ED4E88B00A2A183 /* Build configuration list for PBXNativeTarget "SnapBuy-iOS-SDK" */;
			buildPhases = (
				470907921ED4E88B00A2A183 /* Sources */,
				470907931ED4E88B00A2A183 /* Frameworks */,
				470907941ED4E88B00A2A183 /* Resources */,
			);
			buildRules = (
			);
			dependencies = (
			);
			name = "SnapBuy-iOS-SDK";
			productName = "SnapBuy-iOS-SDK";
			productReference = 470907961ED4E88B00A2A183 /* SnapBuy-iOS-SDK.app */;
			productType = "com.apple.product-type.application";
		};
/* End PBXNativeTarget section */

/* Begin PBXProject section */
		4709078E1ED4E88B00A2A183 /* Project object */ = {
			isa = PBXProject;
			attributes = {
				LastSwiftUpdateCheck = 0830;
				LastUpgradeCheck = 0830;
				ORGANIZATIONNAME = "Omer Karayel";
				TargetAttributes = {
					470907951ED4E88B00A2A183 = {
						CreatedOnToolsVersion = 8.3.2;
						ProvisioningStyle = Automatic;
					};
				};
			};
			buildConfigurationList = 470907911ED4E88B00A2A183 /* Build configuration list for PBXProject "SnapBuy-iOS-SDK" */;
			compatibilityVersion = "Xcode 3.2";
			developmentRegion = English;
			hasScannedForEncodings = 0;
			knownRegions = (
				en,
				Base,
			);
			mainGroup = 4709078D1ED4E88B00A2A183;
			productRefGroup = 470907971ED4E88B00A2A183 /* Products */;
			projectDirPath = "";
			projectRoot = "";
			targets = (
				470907951ED4E88B00A2A183 /* SnapBuy-iOS-SDK */,
			);
		};
/* End PBXProject section */

/* Begin PBXResourcesBuildPhase section */
		470907941ED4E88B00A2A183 /* Resources */ = {
			isa = PBXResourcesBuildPhase;
			buildActionMask = 2147483647;
			files = (
				470907A41ED4E88B00A2A183 /* LaunchScreen.storyboard in Resources */,
				470907A11ED4E88B00A2A183 /* Assets.xcassets in Resources */,
				4709079F1ED4E88B00A2A183 /* Main.storyboard in Resources */,
			);
			runOnlyForDeploymentPostprocessing = 0;
		};
/* End PBXResourcesBuildPhase section */

/* Begin PBXSourcesBuildPhase section */
		470907921ED4E88B00A2A183 /* Sources */ = {
			isa = PBXSourcesBuildPhase;
			buildActionMask = 2147483647;
			files = (
				470907D81ED4E8A100A2A183 /* SBIndexNewImageRequest.swift in Sources */,
				470907CF1ED4E8A100A2A183 /* SBAdultFilteringRequest.swift in Sources */,
				4709079C1ED4E88B00A2A183 /* ViewController.swift in Sources */,
				470907D51ED4E8A100A2A183 /* SBGetApplicationsRequest.swift in Sources */,
				470907D21ED4E8A100A2A183 /* SBDeleteApplicationRequest.swift in Sources */,
				470907C81ED4E8A100A2A183 /* SBApplication.swift in Sources */,
				470907CE1ED4E8A100A2A183 /* SBTags.swift in Sources */,
				470907D71ED4E8A100A2A183 /* SBGetImageTagsRequest.swift in Sources */,
				470907CC1ED4E8A100A2A183 /* SBImageTags.swift in Sources */,
				470907CA1ED4E8A100A2A183 /* SBApplicationsDetails.swift in Sources */,
				470907C91ED4E8A100A2A183 /* SBApplicationDetails.swift in Sources */,
				4709079A1ED4E88B00A2A183 /* AppDelegate.swift in Sources */,
				470907D31ED4E8A100A2A183 /* SBDeleteImageRequest.swift in Sources */,
				470907D11ED4E8A100A2A183 /* SBCheckImageIndexedRequest.swift in Sources */,
				470907DB1ED4E8A100A2A183 /* SBVisualSearchRequest.swift in Sources */,
				470907CD1ED4E8A100A2A183 /* SBModel.swift in Sources */,
				470907D41ED4E8A100A2A183 /* SBGetApplicationRequest.swift in Sources */,
				470907DA1ED4E8A100A2A183 /* SBUpdateApplicationRequest.swift in Sources */,
				470907C71ED4E8A100A2A183 /* SBAdultFilter.swift in Sources */,
				470907D61ED4E8A100A2A183 /* SBGetImagesRequest.swift in Sources */,
				470907D01ED4E8A100A2A183 /* SBApplicationRequest.swift in Sources */,
				470907D91ED4E8A100A2A183 /* SBRequestable.swift in Sources */,
				470907CB1ED4E8A100A2A183 /* SBGetImages.swift in Sources */,
				470907DC1ED4E8A100A2A183 /* SnapBuyService.swift in Sources */,
			);
			runOnlyForDeploymentPostprocessing = 0;
		};
/* End PBXSourcesBuildPhase section */

/* Begin PBXVariantGroup section */
		4709079D1ED4E88B00A2A183 /* Main.storyboard */ = {
			isa = PBXVariantGroup;
			children = (
				4709079E1ED4E88B00A2A183 /* Base */,
			);
			name = Main.storyboard;
			sourceTree = "<group>";
		};
		470907A21ED4E88B00A2A183 /* LaunchScreen.storyboard */ = {
			isa = PBXVariantGroup;
			children = (
				470907A31ED4E88B00A2A183 /* Base */,
			);
			name = LaunchScreen.storyboard;
			sourceTree = "<group>";
		};
/* End PBXVariantGroup section */

/* Begin XCBuildConfiguration section */
		470907A61ED4E88B00A2A183 /* Debug */ = {
			isa = XCBuildConfiguration;
			buildSettings = {
				ALWAYS_SEARCH_USER_PATHS = NO;
				CLANG_ANALYZER_NONNULL = YES;
				CLANG_ANALYZER_NUMBER_OBJECT_CONVERSION = YES_AGGRESSIVE;
				CLANG_CXX_LANGUAGE_STANDARD = "gnu++0x";
				CLANG_CXX_LIBRARY = "libc++";
				CLANG_ENABLE_MODULES = YES;
				CLANG_ENABLE_OBJC_ARC = YES;
				CLANG_WARN_BOOL_CONVERSION = YES;
				CLANG_WARN_CONSTANT_CONVERSION = YES;
				CLANG_WARN_DIRECT_OBJC_ISA_USAGE = YES_ERROR;
				CLANG_WARN_DOCUMENTATION_COMMENTS = YES;
				CLANG_WARN_EMPTY_BODY = YES;
				CLANG_WARN_ENUM_CONVERSION = YES;
				CLANG_WARN_INFINITE_RECURSION = YES;
				CLANG_WARN_INT_CONVERSION = YES;
				CLANG_WARN_OBJC_ROOT_CLASS = YES_ERROR;
				CLANG_WARN_SUSPICIOUS_MOVE = YES;
				CLANG_WARN_UNREACHABLE_CODE = YES;
				CLANG_WARN__DUPLICATE_METHOD_MATCH = YES;
				"CODE_SIGN_IDENTITY[sdk=iphoneos*]" = "iPhone Developer";
				COPY_PHASE_STRIP = NO;
				DEBUG_INFORMATION_FORMAT = dwarf;
				ENABLE_STRICT_OBJC_MSGSEND = YES;
				ENABLE_TESTABILITY = YES;
				GCC_C_LANGUAGE_STANDARD = gnu99;
				GCC_DYNAMIC_NO_PIC = NO;
				GCC_NO_COMMON_BLOCKS = YES;
				GCC_OPTIMIZATION_LEVEL = 0;
				GCC_PREPROCESSOR_DEFINITIONS = (
					"DEBUG=1",
					"$(inherited)",
				);
				GCC_WARN_64_TO_32_BIT_CONVERSION = YES;
				GCC_WARN_ABOUT_RETURN_TYPE = YES_ERROR;
				GCC_WARN_UNDECLARED_SELECTOR = YES;
				GCC_WARN_UNINITIALIZED_AUTOS = YES_AGGRESSIVE;
				GCC_WARN_UNUSED_FUNCTION = YES;
				GCC_WARN_UNUSED_VARIABLE = YES;
				IPHONEOS_DEPLOYMENT_TARGET = 10.3;
				MTL_ENABLE_DEBUG_INFO = YES;
				ONLY_ACTIVE_ARCH = YES;
				SDKROOT = iphoneos;
				SWIFT_ACTIVE_COMPILATION_CONDITIONS = DEBUG;
				SWIFT_OPTIMIZATION_LEVEL = "-Onone";
				TARGETED_DEVICE_FAMILY = "1,2";
			};
			name = Debug;
		};
		470907A71ED4E88B00A2A183 /* Release */ = {
			isa = XCBuildConfiguration;
			buildSettings = {
				ALWAYS_SEARCH_USER_PATHS = NO;
				CLANG_ANALYZER_NONNULL = YES;
				CLANG_ANALYZER_NUMBER_OBJECT_CONVERSION = YES_AGGRESSIVE;
				CLANG_CXX_LANGUAGE_STANDARD = "gnu++0x";
				CLANG_CXX_LIBRARY = "libc++";
				CLANG_ENABLE_MODULES = YES;
				CLANG_ENABLE_OBJC_ARC = YES;
				CLANG_WARN_BOOL_CONVERSION = YES;
				CLANG_WARN_CONSTANT_CONVERSION = YES;
				CLANG_WARN_DIRECT_OBJC_ISA_USAGE = YES_ERROR;
				CLANG_WARN_DOCUMENTATION_COMMENTS = YES;
				CLANG_WARN_EMPTY_BODY = YES;
				CLANG_WARN_ENUM_CONVERSION = YES;
				CLANG_WARN_INFINITE_RECURSION = YES;
				CLANG_WARN_INT_CONVERSION = YES;
				CLANG_WARN_OBJC_ROOT_CLASS = YES_ERROR;
				CLANG_WARN_SUSPICIOUS_MOVE = YES;
				CLANG_WARN_UNREACHABLE_CODE = YES;
				CLANG_WARN__DUPLICATE_METHOD_MATCH = YES;
				"CODE_SIGN_IDENTITY[sdk=iphoneos*]" = "iPhone Developer";
				COPY_PHASE_STRIP = NO;
				DEBUG_INFORMATION_FORMAT = "dwarf-with-dsym";
				ENABLE_NS_ASSERTIONS = NO;
				ENABLE_STRICT_OBJC_MSGSEND = YES;
				GCC_C_LANGUAGE_STANDARD = gnu99;
				GCC_NO_COMMON_BLOCKS = YES;
				GCC_WARN_64_TO_32_BIT_CONVERSION = YES;
				GCC_WARN_ABOUT_RETURN_TYPE = YES_ERROR;
				GCC_WARN_UNDECLARED_SELECTOR = YES;
				GCC_WARN_UNINITIALIZED_AUTOS = YES_AGGRESSIVE;
				GCC_WARN_UNUSED_FUNCTION = YES;
				GCC_WARN_UNUSED_VARIABLE = YES;
				IPHONEOS_DEPLOYMENT_TARGET = 10.3;
				MTL_ENABLE_DEBUG_INFO = NO;
				SDKROOT = iphoneos;
				SWIFT_OPTIMIZATION_LEVEL = "-Owholemodule";
				TARGETED_DEVICE_FAMILY = "1,2";
				VALIDATE_PRODUCT = YES;
			};
			name = Release;
		};
		470907A91ED4E88B00A2A183 /* Debug */ = {
			isa = XCBuildConfiguration;
			buildSettings = {
				ASSETCATALOG_COMPILER_APPICON_NAME = AppIcon;
				INFOPLIST_FILE = "SnapBuy-iOS-SDK/Info.plist";
				LD_RUNPATH_SEARCH_PATHS = "$(inherited) @executable_path/Frameworks";
				PRODUCT_BUNDLE_IDENTIFIER = "com.snapbuy.SnapBuy-iOS-SDK";
				PRODUCT_NAME = "$(TARGET_NAME)";
				SWIFT_VERSION = 3.0;
			};
			name = Debug;
		};
		470907AA1ED4E88B00A2A183 /* Release */ = {
			isa = XCBuildConfiguration;
			buildSettings = {
				ASSETCATALOG_COMPILER_APPICON_NAME = AppIcon;
				INFOPLIST_FILE = "SnapBuy-iOS-SDK/Info.plist";
				LD_RUNPATH_SEARCH_PATHS = "$(inherited) @executable_path/Frameworks";
				PRODUCT_BUNDLE_IDENTIFIER = "com.snapbuy.SnapBuy-iOS-SDK";
				PRODUCT_NAME = "$(TARGET_NAME)";
				SWIFT_VERSION = 3.0;
			};
			name = Release;
		};
/* End XCBuildConfiguration section */

/* Begin XCConfigurationList section */
		470907911ED4E88B00A2A183 /* Build configuration list for PBXProject "SnapBuy-iOS-SDK" */ = {
			isa = XCConfigurationList;
			buildConfigurations = (
				470907A61ED4E88B00A2A183 /* Debug */,
				470907A71ED4E88B00A2A183 /* Release */,
			);
			defaultConfigurationIsVisible = 0;
			defaultConfigurationName = Release;
		};
		470907A81ED4E88B00A2A183 /* Build configuration list for PBXNativeTarget "SnapBuy-iOS-SDK" */ = {
			isa = XCConfigurationList;
			buildConfigurations = (
				470907A91ED4E88B00A2A183 /* Debug */,
				470907AA1ED4E88B00A2A183 /* Release */,
			);
			defaultConfigurationIsVisible = 0;
		};
/* End XCConfigurationList section */
	};
	rootObject = 4709078E1ED4E88B00A2A183 /* Project object */;
}
